
Microsoft Visual Studio Solution File, Format Version 12.00
# Visual Studio 14
VisualStudioVersion = 14.0.25420.1
MinimumVisualStudioVersion = 10.0.40219.1
Project("{FAE04EC0-301F-11D3-BF4B-00C04F79EFBC}") = "MajaniPortal", "MajaniPortal\MajaniPortal.csproj", "{BF8CB7D0-1389-46A1-B2AA-45D414785E52}"
EndProject
Project("{FAE04EC0-301F-11D3-BF4B-00C04F79EFBC}") = "WebApplication1", "..\WebApplication1\WebApplication1.csproj", "{DAC2F0F5-8EE3-4AD2-B8D0-5BF56DA4CEC0}"
EndProject
Project("{FAE04EC0-301F-11D3-BF4B-00C04F79EFBC}") = "MajaniApi", "..\MajaniApi\MajaniApi.csproj", "{A081D726-8F39-4586-8B4E-728B27F83192}"
EndProject
Global
	GlobalSection(SolutionConfigurationPlatforms) = preSolution
		Debug|Any CPU = Debug|Any CPU
		Release|Any CPU = Release|Any CPU
	EndGlobalSection
	GlobalSection(ProjectConfigurationPlatforms) = postSolution
		{BF8CB7D0-1389-46A1-B2AA-45D414785E52}.Debug|Any CPU.ActiveCfg = Debug|Any CPU
		{BF8CB7D0-1389-46A1-B2AA-45D414785E52}.Debug|Any CPU.Build.0 = Debug|Any CPU
		{BF8CB7D0-1389-46A1-B2AA-45D414785E52}.Release|Any CPU.ActiveCfg = Release|Any CPU
		{BF8CB7D0-1389-46A1-B2AA-45D414785E52}.Release|Any CPU.Build.0 = Release|Any CPU
		{DAC2F0F5-8EE3-4AD2-B8D0-5BF56DA4CEC0}.Debug|Any CPU.ActiveCfg = Debug|Any CPU
		{DAC2F0F5-8EE3-4AD2-B8D0-5BF56DA4CEC0}.Debug|Any CPU.Build.0 = Debug|Any CPU
		{DAC2F0F5-8EE3-4AD2-B8D0-5BF56DA4CEC0}.Release|Any CPU.ActiveCfg = Release|Any CPU
		{DAC2F0F5-8EE3-4AD2-B8D0-5BF56DA4CEC0}.Release|Any CPU.Build.0 = Release|Any CPU
		{A081D726-8F39-4586-8B4E-728B27F83192}.Debug|Any CPU.ActiveCfg = Debug|Any CPU
		{A081D726-8F39-4586-8B4E-728B27F83192}.Debug|Any CPU.Build.0 = Debug|Any CPU
		{A081D726-8F39-4586-8B4E-728B27F83192}.Release|Any CPU.ActiveCfg = Release|Any CPU
		{A081D726-8F39-4586-8B4E-728B27F83192}.Release|Any CPU.Build.0 = Release|Any CPU
	EndGlobalSection
	GlobalSection(SolutionProperties) = preSolution
		HideSolutionNode = FALSE
	EndGlobalSection
EndGlobal
